PODS:
  - SMPageControl (1.2)
  - ZDPageNavigationController (0.1.0):
    - SMPageControl

DEPENDENCIES:
  - ZDPageNavigationController (from `../`)

EXTERNAL SOURCES:
  ZDPageNavigationController:
    :path: "../"

SPEC CHECKSUMS:
  SMPageControl: 922892813001cfaf059e86e6801f46a967e9ee29
  ZDPageNavigationController: 6c06ef34b2f98eb377d2b40089d70e1d8bb2b794

COCOAPODS: 0.37.1
